
Microsoft Visual Studio Solution File, Format Version 12.00
# Visual Studio Version 17
VisualStudioVersion = 17.8.34330.188
MinimumVisualStudioVersion = 10.0.40219.1
Project("{FAE04EC0-301F-11D3-BF4B-00C04F79EFBC}") = "CompilerRealTime", "CompilerRealTime\CompilerRealTime.csproj", "{74114435-EFC1-4480-8E5E-8CFD66E0717F}"
EndProject
Global
	GlobalSection(SolutionConfigurationPlatforms) = preSolution
		Debug|Any CPU = Debug|Any CPU
		Release|Any CPU = Release|Any CPU
	EndGlobalSection
	GlobalSection(ProjectConfigurationPlatforms) = postSolution
		{74114435-EFC1-4480-8E5E-8CFD66E0717F}.Debug|Any CPU.ActiveCfg = Debug|Any CPU
		{74114435-EFC1-4480-8E5E-8CFD66E0717F}.Debug|Any CPU.Build.0 = Debug|Any CPU
		{74114435-EFC1-4480-8E5E-8CFD66E0717F}.Release|Any CPU.ActiveCfg = Release|Any CPU
		{74114435-EFC1-4480-8E5E-8CFD66E0717F}.Release|Any CPU.Build.0 = Release|Any CPU
	EndGlobalSection
	GlobalSection(SolutionProperties) = preSolution
		HideSolutionNode = FALSE
	EndGlobalSection
	GlobalSection(ExtensibilityGlobals) = postSolution
		SolutionGuid = {EAE5B95F-DF16-483B-93A6-84E390D080DB}
	EndGlobalSection
EndGlobal
